
Microsoft Visual Studio Solution File, Format Version 12.00
# Visual Studio 15
VisualStudioVersion = 15.0.26730.12
MinimumVisualStudioVersion = 10.0.40219.1
Project("{FAE04EC0-301F-11D3-BF4B-00C04F79EFBC}") = "DbLogger", "DbLogger\DbLogger.csproj", "{8370B1C9-E52C-4FC8-8E05-22B0AF98875A}"
EndProject
Project("{FAE04EC0-301F-11D3-BF4B-00C04F79EFBC}") = "DbLogger.Test", "DbLogger.Test\DbLogger.Test.csproj", "{C53297C8-CEF7-454D-BD2B-066C902A85F7}"
EndProject
Project("{FAE04EC0-301F-11D3-BF4B-00C04F79EFBC}") = "MetricsInfluxDb", "Metrics\MetricsInfluxDb.csproj", "{A9C43E1C-E6C1-4788-AF49-CD74E289512F}"
EndProject
Project("{FAE04EC0-301F-11D3-BF4B-00C04F79EFBC}") = "MetricsTest", "MetricsTest\MetricsTest.csproj", "{6FAEBC41-4BE6-4E08-8B5B-6FE70CB7C8B3}"
EndProject
Project("{2150E333-8FDC-42A3-9474-1A3956D46DE8}") = "ConfigCenter", "ConfigCenter", "{63920712-41F3-4FC6-9AE5-F30A063E052C}"
EndProject
Project("{FAE04EC0-301F-11D3-BF4B-00C04F79EFBC}") = "ConfigCenter.Web", "ConfigCenter.Web\ConfigCenter.Web.csproj", "{CB40CA4C-072A-4EEE-9847-C2C7458862D4}"
EndProject
Project("{FAE04EC0-301F-11D3-BF4B-00C04F79EFBC}") = "ConfigCenter.Core", "ConfigCenter.Core\ConfigCenter.Core.csproj", "{86741C64-AE6C-4BAF-AE48-C53845EC3C32}"
EndProject
Project("{FAE04EC0-301F-11D3-BF4B-00C04F79EFBC}") = "ZkClient.Net", "ZkClient.Net\ZkClient.Net.csproj", "{30035748-9119-436A-8BCA-B66516E94A6D}"
EndProject
Project("{FAE04EC0-301F-11D3-BF4B-00C04F79EFBC}") = "ZkClient.Net.Test", "ZkClient.Net.Test\ZkClient.Net.Test.csproj", "{171C7B7E-24B6-48B9-89BF-D66E73F2A5FE}"
EndProject
Project("{2150E333-8FDC-42A3-9474-1A3956D46DE8}") = "Backend", "Backend", "{3A7C484F-DE15-48DA-B612-0A0F74077CF0}"
EndProject
Project("{FAE04EC0-301F-11D3-BF4B-00C04F79EFBC}") = "Backend.Core", "Backend.Core\Backend.Core.csproj", "{389FEBFE-83D2-4697-9356-3BF5CDD92A0F}"
EndProject
Project("{FAE04EC0-301F-11D3-BF4B-00C04F79EFBC}") = "Backend.Web", "Backend.Web\Backend.Web.csproj", "{9185A562-DBE7-4043-9140-9D90989F37BC}"
EndProject
Project("{FAE04EC0-301F-11D3-BF4B-00C04F79EFBC}") = "Backend.Application", "Backend.Application\Backend.Application.csproj", "{4AE2F673-DFDF-4494-925C-33AFB1869D83}"
EndProject
Project("{FAE04EC0-301F-11D3-BF4B-00C04F79EFBC}") = "Backend.Entityframwork", "Backend.Entityframwork\Backend.Entityframwork.csproj", "{0C82BC35-774B-464C-826F-5D3986A1B980}"
EndProject
Global
	GlobalSection(SolutionConfigurationPlatforms) = preSolution
		Debug|Any CPU = Debug|Any CPU
		Release|Any CPU = Release|Any CPU
	EndGlobalSection
	GlobalSection(ProjectConfigurationPlatforms) = postSolution
		{8370B1C9-E52C-4FC8-8E05-22B0AF98875A}.Debug|Any CPU.ActiveCfg = Debug|Any CPU
		{8370B1C9-E52C-4FC8-8E05-22B0AF98875A}.Debug|Any CPU.Build.0 = Debug|Any CPU
		{8370B1C9-E52C-4FC8-8E05-22B0AF98875A}.Release|Any CPU.ActiveCfg = Release|Any CPU
		{8370B1C9-E52C-4FC8-8E05-22B0AF98875A}.Release|Any CPU.Build.0 = Release|Any CPU
		{C53297C8-CEF7-454D-BD2B-066C902A85F7}.Debug|Any CPU.ActiveCfg = Debug|Any CPU
		{C53297C8-CEF7-454D-BD2B-066C902A85F7}.Debug|Any CPU.Build.0 = Debug|Any CPU
		{C53297C8-CEF7-454D-BD2B-066C902A85F7}.Release|Any CPU.ActiveCfg = Release|Any CPU
		{C53297C8-CEF7-454D-BD2B-066C902A85F7}.Release|Any CPU.Build.0 = Release|Any CPU
		{A9C43E1C-E6C1-4788-AF49-CD74E289512F}.Debug|Any CPU.ActiveCfg = Debug|Any CPU
		{A9C43E1C-E6C1-4788-AF49-CD74E289512F}.Debug|Any CPU.Build.0 = Debug|Any CPU
		{A9C43E1C-E6C1-4788-AF49-CD74E289512F}.Release|Any CPU.ActiveCfg = Release|Any CPU
		{A9C43E1C-E6C1-4788-AF49-CD74E289512F}.Release|Any CPU.Build.0 = Release|Any CPU
		{6FAEBC41-4BE6-4E08-8B5B-6FE70CB7C8B3}.Debug|Any CPU.ActiveCfg = Debug|Any CPU
		{6FAEBC41-4BE6-4E08-8B5B-6FE70CB7C8B3}.Debug|Any CPU.Build.0 = Debug|Any CPU
		{6FAEBC41-4BE6-4E08-8B5B-6FE70CB7C8B3}.Release|Any CPU.ActiveCfg = Release|Any CPU
		{6FAEBC41-4BE6-4E08-8B5B-6FE70CB7C8B3}.Release|Any CPU.Build.0 = Release|Any CPU
		{CB40CA4C-072A-4EEE-9847-C2C7458862D4}.Debug|Any CPU.ActiveCfg = Debug|Any CPU
		{CB40CA4C-072A-4EEE-9847-C2C7458862D4}.Debug|Any CPU.Build.0 = Debug|Any CPU
		{CB40CA4C-072A-4EEE-9847-C2C7458862D4}.Release|Any CPU.ActiveCfg = Release|Any CPU
		{CB40CA4C-072A-4EEE-9847-C2C7458862D4}.Release|Any CPU.Build.0 = Release|Any CPU
		{86741C64-AE6C-4BAF-AE48-C53845EC3C32}.Debug|Any CPU.ActiveCfg = Debug|Any CPU
		{86741C64-AE6C-4BAF-AE48-C53845EC3C32}.Debug|Any CPU.Build.0 = Debug|Any CPU
		{86741C64-AE6C-4BAF-AE48-C53845EC3C32}.Release|Any CPU.ActiveCfg = Release|Any CPU
		{86741C64-AE6C-4BAF-AE48-C53845EC3C32}.Release|Any CPU.Build.0 = Release|Any CPU
		{30035748-9119-436A-8BCA-B66516E94A6D}.Debug|Any CPU.ActiveCfg = Debug|Any CPU
		{30035748-9119-436A-8BCA-B66516E94A6D}.Debug|Any CPU.Build.0 = Debug|Any CPU
		{30035748-9119-436A-8BCA-B66516E94A6D}.Release|Any CPU.ActiveCfg = Release|Any CPU
		{30035748-9119-436A-8BCA-B66516E94A6D}.Release|Any CPU.Build.0 = Release|Any CPU
		{171C7B7E-24B6-48B9-89BF-D66E73F2A5FE}.Debug|Any CPU.ActiveCfg = Debug|Any CPU
		{171C7B7E-24B6-48B9-89BF-D66E73F2A5FE}.Debug|Any CPU.Build.0 = Debug|Any CPU
		{171C7B7E-24B6-48B9-89BF-D66E73F2A5FE}.Release|Any CPU.ActiveCfg = Release|Any CPU
		{171C7B7E-24B6-48B9-89BF-D66E73F2A5FE}.Release|Any CPU.Build.0 = Release|Any CPU
		{389FEBFE-83D2-4697-9356-3BF5CDD92A0F}.Debug|Any CPU.ActiveCfg = Debug|Any CPU
		{389FEBFE-83D2-4697-9356-3BF5CDD92A0F}.Debug|Any CPU.Build.0 = Debug|Any CPU
		{389FEBFE-83D2-4697-9356-3BF5CDD92A0F}.Release|Any CPU.ActiveCfg = Release|Any CPU
		{389FEBFE-83D2-4697-9356-3BF5CDD92A0F}.Release|Any CPU.Build.0 = Release|Any CPU
		{9185A562-DBE7-4043-9140-9D90989F37BC}.Debug|Any CPU.ActiveCfg = Debug|Any CPU
		{9185A562-DBE7-4043-9140-9D90989F37BC}.Debug|Any CPU.Build.0 = Debug|Any CPU
		{9185A562-DBE7-4043-9140-9D90989F37BC}.Release|Any CPU.ActiveCfg = Release|Any CPU
		{9185A562-DBE7-4043-9140-9D90989F37BC}.Release|Any CPU.Build.0 = Release|Any CPU
		{4AE2F673-DFDF-4494-925C-33AFB1869D83}.Debug|Any CPU.ActiveCfg = Debug|Any CPU
		{4AE2F673-DFDF-4494-925C-33AFB1869D83}.Debug|Any CPU.Build.0 = Debug|Any CPU
		{4AE2F673-DFDF-4494-925C-33AFB1869D83}.Release|Any CPU.ActiveCfg = Release|Any CPU
		{4AE2F673-DFDF-4494-925C-33AFB1869D83}.Release|Any CPU.Build.0 = Release|Any CPU
		{0C82BC35-774B-464C-826F-5D3986A1B980}.Debug|Any CPU.ActiveCfg = Debug|Any CPU
		{0C82BC35-774B-464C-826F-5D3986A1B980}.Debug|Any CPU.Build.0 = Debug|Any CPU
		{0C82BC35-774B-464C-826F-5D3986A1B980}.Release|Any CPU.ActiveCfg = Release|Any CPU
		{0C82BC35-774B-464C-826F-5D3986A1B980}.Release|Any CPU.Build.0 = Release|Any CPU
	EndGlobalSection
	GlobalSection(SolutionProperties) = preSolution
		HideSolutionNode = FALSE
	EndGlobalSection
	GlobalSection(NestedProjects) = preSolution
		{CB40CA4C-072A-4EEE-9847-C2C7458862D4} = {63920712-41F3-4FC6-9AE5-F30A063E052C}
		{86741C64-AE6C-4BAF-AE48-C53845EC3C32} = {63920712-41F3-4FC6-9AE5-F30A063E052C}
		{389FEBFE-83D2-4697-9356-3BF5CDD92A0F} = {3A7C484F-DE15-48DA-B612-0A0F74077CF0}
		{9185A562-DBE7-4043-9140-9D90989F37BC} = {3A7C484F-DE15-48DA-B612-0A0F74077CF0}
		{4AE2F673-DFDF-4494-925C-33AFB1869D83} = {3A7C484F-DE15-48DA-B612-0A0F74077CF0}
		{0C82BC35-774B-464C-826F-5D3986A1B980} = {3A7C484F-DE15-48DA-B612-0A0F74077CF0}
	EndGlobalSection
	GlobalSection(ExtensibilityGlobals) = postSolution
		SolutionGuid = {B494E5A6-260B-4E3E-A88A-D128A32757BD}
	EndGlobalSection
EndGlobal
