
Microsoft Visual Studio Solution File, Format Version 12.00
# Visual Studio 2013
VisualStudioVersion = 12.0.21005.1
MinimumVisualStudioVersion = 10.0.40219.1
Project("{FAE04EC0-301F-11D3-BF4B-00C04F79EFBC}") = "DbLogger", "DbLogger\DbLogger.csproj", "{8370B1C9-E52C-4FC8-8E05-22B0AF98875A}"
EndProject
Project("{FAE04EC0-301F-11D3-BF4B-00C04F79EFBC}") = "DbLogger.Test", "DbLogger.Test\DbLogger.Test.csproj", "{C53297C8-CEF7-454D-BD2B-066C902A85F7}"
EndProject
Project("{FAE04EC0-301F-11D3-BF4B-00C04F79EFBC}") = "MetricsInfluxDb", "Metrics\MetricsInfluxDb.csproj", "{A9C43E1C-E6C1-4788-AF49-CD74E289512F}"
EndProject
Project("{FAE04EC0-301F-11D3-BF4B-00C04F79EFBC}") = "MetricsTest", "MetricsTest\MetricsTest.csproj", "{6FAEBC41-4BE6-4E08-8B5B-6FE70CB7C8B3}"
EndProject
Project("{FAE04EC0-301F-11D3-BF4B-00C04F79EFBC}") = "ZookeeperClient", "ZookeeperClient\ZookeeperClient.csproj", "{F210E44E-2929-49DE-9DEF-19FF1E16EB0B}"
EndProject
Global
	GlobalSection(SolutionConfigurationPlatforms) = preSolution
		Debug|Any CPU = Debug|Any CPU
		Release|Any CPU = Release|Any CPU
	EndGlobalSection
	GlobalSection(ProjectConfigurationPlatforms) = postSolution
		{8370B1C9-E52C-4FC8-8E05-22B0AF98875A}.Debug|Any CPU.ActiveCfg = Debug|Any CPU
		{8370B1C9-E52C-4FC8-8E05-22B0AF98875A}.Debug|Any CPU.Build.0 = Debug|Any CPU
		{8370B1C9-E52C-4FC8-8E05-22B0AF98875A}.Release|Any CPU.ActiveCfg = Release|Any CPU
		{8370B1C9-E52C-4FC8-8E05-22B0AF98875A}.Release|Any CPU.Build.0 = Release|Any CPU
		{C53297C8-CEF7-454D-BD2B-066C902A85F7}.Debug|Any CPU.ActiveCfg = Debug|Any CPU
		{C53297C8-CEF7-454D-BD2B-066C902A85F7}.Debug|Any CPU.Build.0 = Debug|Any CPU
		{C53297C8-CEF7-454D-BD2B-066C902A85F7}.Release|Any CPU.ActiveCfg = Release|Any CPU
		{C53297C8-CEF7-454D-BD2B-066C902A85F7}.Release|Any CPU.Build.0 = Release|Any CPU
		{A9C43E1C-E6C1-4788-AF49-CD74E289512F}.Debug|Any CPU.ActiveCfg = Debug|Any CPU
		{A9C43E1C-E6C1-4788-AF49-CD74E289512F}.Debug|Any CPU.Build.0 = Debug|Any CPU
		{A9C43E1C-E6C1-4788-AF49-CD74E289512F}.Release|Any CPU.ActiveCfg = Release|Any CPU
		{A9C43E1C-E6C1-4788-AF49-CD74E289512F}.Release|Any CPU.Build.0 = Release|Any CPU
		{6FAEBC41-4BE6-4E08-8B5B-6FE70CB7C8B3}.Debug|Any CPU.ActiveCfg = Debug|Any CPU
		{6FAEBC41-4BE6-4E08-8B5B-6FE70CB7C8B3}.Debug|Any CPU.Build.0 = Debug|Any CPU
		{6FAEBC41-4BE6-4E08-8B5B-6FE70CB7C8B3}.Release|Any CPU.ActiveCfg = Release|Any CPU
		{6FAEBC41-4BE6-4E08-8B5B-6FE70CB7C8B3}.Release|Any CPU.Build.0 = Release|Any CPU
		{F210E44E-2929-49DE-9DEF-19FF1E16EB0B}.Debug|Any CPU.ActiveCfg = Debug|Any CPU
		{F210E44E-2929-49DE-9DEF-19FF1E16EB0B}.Debug|Any CPU.Build.0 = Debug|Any CPU
		{F210E44E-2929-49DE-9DEF-19FF1E16EB0B}.Release|Any CPU.ActiveCfg = Release|Any CPU
		{F210E44E-2929-49DE-9DEF-19FF1E16EB0B}.Release|Any CPU.Build.0 = Release|Any CPU
	EndGlobalSection
	GlobalSection(SolutionProperties) = preSolution
		HideSolutionNode = FALSE
	EndGlobalSection
EndGlobal
